
Microsoft Visual Studio Solution File, Format Version 12.00
# Visual Studio 14
VisualStudioVersion = 14.0.22823.1
MinimumVisualStudioVersion = 10.0.40219.1
Project("{8BC9CEB8-8B4A-11D0-8D11-00A0C91BC942}") = "libsvm.clr", "libsvm.clr\libsvm.clr.vcxproj", "{FAD72324-44D7-4C04-B601-DAD7DF9CF1A5}"
EndProject
Project("{FAE04EC0-301F-11D3-BF4B-00C04F79EFBC}") = "Test", "Test\Test.csproj", "{3EC55ACC-F50E-49EF-A4D3-5917AE09AA5C}"
EndProject
Project("{FAE04EC0-301F-11D3-BF4B-00C04F79EFBC}") = "Aardvark.SemanticTextonForests", "Aardvark.SemanticTextonForests\Aardvark.SemanticTextonForests.csproj", "{FA3E5528-ABC0-49A8-B41A-378C32CF746B}"
EndProject
Global
	GlobalSection(SolutionConfigurationPlatforms) = preSolution
		Debug|Win32 = Debug|Win32
		Debug|x64 = Debug|x64
		Debug|x86 = Debug|x86
		Release|Win32 = Release|Win32
		Release|x64 = Release|x64
		Release|x86 = Release|x86
	EndGlobalSection
	GlobalSection(ProjectConfigurationPlatforms) = postSolution
		{FAD72324-44D7-4C04-B601-DAD7DF9CF1A5}.Debug|Win32.ActiveCfg = Debug|Win32
		{FAD72324-44D7-4C04-B601-DAD7DF9CF1A5}.Debug|Win32.Build.0 = Debug|Win32
		{FAD72324-44D7-4C04-B601-DAD7DF9CF1A5}.Debug|x64.ActiveCfg = Debug|x64
		{FAD72324-44D7-4C04-B601-DAD7DF9CF1A5}.Debug|x64.Build.0 = Debug|x64
		{FAD72324-44D7-4C04-B601-DAD7DF9CF1A5}.Debug|x86.ActiveCfg = Debug|Win32
		{FAD72324-44D7-4C04-B601-DAD7DF9CF1A5}.Debug|x86.Build.0 = Debug|Win32
		{FAD72324-44D7-4C04-B601-DAD7DF9CF1A5}.Release|Win32.ActiveCfg = Release|Win32
		{FAD72324-44D7-4C04-B601-DAD7DF9CF1A5}.Release|Win32.Build.0 = Release|Win32
		{FAD72324-44D7-4C04-B601-DAD7DF9CF1A5}.Release|x64.ActiveCfg = Release|x64
		{FAD72324-44D7-4C04-B601-DAD7DF9CF1A5}.Release|x64.Build.0 = Release|x64
		{FAD72324-44D7-4C04-B601-DAD7DF9CF1A5}.Release|x86.ActiveCfg = Release|Win32
		{FAD72324-44D7-4C04-B601-DAD7DF9CF1A5}.Release|x86.Build.0 = Release|Win32
		{3EC55ACC-F50E-49EF-A4D3-5917AE09AA5C}.Debug|Win32.ActiveCfg = Debug|Any CPU
		{3EC55ACC-F50E-49EF-A4D3-5917AE09AA5C}.Debug|x64.ActiveCfg = Debug|x64
		{3EC55ACC-F50E-49EF-A4D3-5917AE09AA5C}.Debug|x64.Build.0 = Debug|x64
		{3EC55ACC-F50E-49EF-A4D3-5917AE09AA5C}.Debug|x86.ActiveCfg = Debug|x86
		{3EC55ACC-F50E-49EF-A4D3-5917AE09AA5C}.Debug|x86.Build.0 = Debug|x86
		{3EC55ACC-F50E-49EF-A4D3-5917AE09AA5C}.Release|Win32.ActiveCfg = Release|x86
		{3EC55ACC-F50E-49EF-A4D3-5917AE09AA5C}.Release|Win32.Build.0 = Release|x86
		{3EC55ACC-F50E-49EF-A4D3-5917AE09AA5C}.Release|x64.ActiveCfg = Release|x64
		{3EC55ACC-F50E-49EF-A4D3-5917AE09AA5C}.Release|x64.Build.0 = Release|x64
		{3EC55ACC-F50E-49EF-A4D3-5917AE09AA5C}.Release|x86.ActiveCfg = Release|x86
		{3EC55ACC-F50E-49EF-A4D3-5917AE09AA5C}.Release|x86.Build.0 = Release|x86
		{FA3E5528-ABC0-49A8-B41A-378C32CF746B}.Debug|Win32.ActiveCfg = Debug|Any CPU
		{FA3E5528-ABC0-49A8-B41A-378C32CF746B}.Debug|x64.ActiveCfg = Debug|x64
		{FA3E5528-ABC0-49A8-B41A-378C32CF746B}.Debug|x64.Build.0 = Debug|x64
		{FA3E5528-ABC0-49A8-B41A-378C32CF746B}.Debug|x86.ActiveCfg = Debug|x86
		{FA3E5528-ABC0-49A8-B41A-378C32CF746B}.Debug|x86.Build.0 = Debug|x86
		{FA3E5528-ABC0-49A8-B41A-378C32CF746B}.Release|Win32.ActiveCfg = Release|x86
		{FA3E5528-ABC0-49A8-B41A-378C32CF746B}.Release|Win32.Build.0 = Release|x86
		{FA3E5528-ABC0-49A8-B41A-378C32CF746B}.Release|x64.ActiveCfg = Release|x64
		{FA3E5528-ABC0-49A8-B41A-378C32CF746B}.Release|x64.Build.0 = Release|x64
		{FA3E5528-ABC0-49A8-B41A-378C32CF746B}.Release|x86.ActiveCfg = Release|x86
		{FA3E5528-ABC0-49A8-B41A-378C32CF746B}.Release|x86.Build.0 = Release|x86
	EndGlobalSection
	GlobalSection(SolutionProperties) = preSolution
		HideSolutionNode = FALSE
	EndGlobalSection
EndGlobal
