
Microsoft Visual Studio Solution File, Format Version 12.00
# Visual Studio 14
VisualStudioVersion = 14.0.22823.1
MinimumVisualStudioVersion = 10.0.40219.1
Project("{8BC9CEB8-8B4A-11D0-8D11-00A0C91BC942}") = "libsvm.clr", "LibSvm\libsvm.clr.vcxproj", "{FAD72324-44D7-4C04-B601-DAD7DF9CF1A5}"
EndProject
Project("{FAE04EC0-301F-11D3-BF4B-00C04F79EFBC}") = "Test", "Test\Test.csproj", "{3EC55ACC-F50E-49EF-A4D3-5917AE09AA5C}"
EndProject
Project("{FAE04EC0-301F-11D3-BF4B-00C04F79EFBC}") = "Aardvark.SemanticTextonForests", "Aardvark.SemanticTextonForests\Aardvark.SemanticTextonForests.csproj", "{FA3E5528-ABC0-49A8-B41A-378C32CF746B}"
EndProject
Global
	GlobalSection(SolutionConfigurationPlatforms) = preSolution
		Debug_VS2013|x64 = Debug_VS2013|x64
		Debug_VS2013|x86 = Debug_VS2013|x86
		Debug_VS2015|x64 = Debug_VS2015|x64
		Debug_VS2015|x86 = Debug_VS2015|x86
		Release_VS2013|x64 = Release_VS2013|x64
		Release_VS2013|x86 = Release_VS2013|x86
		Release_VS2015|x64 = Release_VS2015|x64
		Release_VS2015|x86 = Release_VS2015|x86
	EndGlobalSection
	GlobalSection(ProjectConfigurationPlatforms) = postSolution
		{FAD72324-44D7-4C04-B601-DAD7DF9CF1A5}.Debug_VS2013|x64.ActiveCfg = Debug_VS2013|x64
		{FAD72324-44D7-4C04-B601-DAD7DF9CF1A5}.Debug_VS2013|x64.Build.0 = Debug_VS2013|x64
		{FAD72324-44D7-4C04-B601-DAD7DF9CF1A5}.Debug_VS2013|x86.ActiveCfg = Debug_VS2013|Win32
		{FAD72324-44D7-4C04-B601-DAD7DF9CF1A5}.Debug_VS2013|x86.Build.0 = Debug_VS2013|Win32
		{FAD72324-44D7-4C04-B601-DAD7DF9CF1A5}.Debug_VS2015|x64.ActiveCfg = Debug_VS2015|x64
		{FAD72324-44D7-4C04-B601-DAD7DF9CF1A5}.Debug_VS2015|x64.Build.0 = Debug_VS2015|x64
		{FAD72324-44D7-4C04-B601-DAD7DF9CF1A5}.Debug_VS2015|x86.ActiveCfg = Debug_VS2015|Win32
		{FAD72324-44D7-4C04-B601-DAD7DF9CF1A5}.Debug_VS2015|x86.Build.0 = Debug_VS2015|Win32
		{FAD72324-44D7-4C04-B601-DAD7DF9CF1A5}.Release_VS2013|x64.ActiveCfg = Release_VS2013|x64
		{FAD72324-44D7-4C04-B601-DAD7DF9CF1A5}.Release_VS2013|x64.Build.0 = Release_VS2013|x64
		{FAD72324-44D7-4C04-B601-DAD7DF9CF1A5}.Release_VS2013|x86.ActiveCfg = Release_VS2013|Win32
		{FAD72324-44D7-4C04-B601-DAD7DF9CF1A5}.Release_VS2013|x86.Build.0 = Release_VS2013|Win32
		{FAD72324-44D7-4C04-B601-DAD7DF9CF1A5}.Release_VS2015|x64.ActiveCfg = Release_VS2015|x64
		{FAD72324-44D7-4C04-B601-DAD7DF9CF1A5}.Release_VS2015|x64.Build.0 = Release_VS2015|x64
		{FAD72324-44D7-4C04-B601-DAD7DF9CF1A5}.Release_VS2015|x86.ActiveCfg = Release_VS2015|Win32
		{FAD72324-44D7-4C04-B601-DAD7DF9CF1A5}.Release_VS2015|x86.Build.0 = Release_VS2015|Win32
		{3EC55ACC-F50E-49EF-A4D3-5917AE09AA5C}.Debug_VS2013|x64.ActiveCfg = Debug_VS2013|x64
		{3EC55ACC-F50E-49EF-A4D3-5917AE09AA5C}.Debug_VS2013|x64.Build.0 = Debug_VS2013|x64
		{3EC55ACC-F50E-49EF-A4D3-5917AE09AA5C}.Debug_VS2013|x86.ActiveCfg = Debug_VS2013|x86
		{3EC55ACC-F50E-49EF-A4D3-5917AE09AA5C}.Debug_VS2013|x86.Build.0 = Debug_VS2013|x86
		{3EC55ACC-F50E-49EF-A4D3-5917AE09AA5C}.Debug_VS2015|x64.ActiveCfg = Debug_VS2015|x64
		{3EC55ACC-F50E-49EF-A4D3-5917AE09AA5C}.Debug_VS2015|x64.Build.0 = Debug_VS2015|x64
		{3EC55ACC-F50E-49EF-A4D3-5917AE09AA5C}.Debug_VS2015|x86.ActiveCfg = Debug_VS2015|x86
		{3EC55ACC-F50E-49EF-A4D3-5917AE09AA5C}.Debug_VS2015|x86.Build.0 = Debug_VS2015|x86
		{3EC55ACC-F50E-49EF-A4D3-5917AE09AA5C}.Release_VS2013|x64.ActiveCfg = Release_VS2013|x64
		{3EC55ACC-F50E-49EF-A4D3-5917AE09AA5C}.Release_VS2013|x64.Build.0 = Release_VS2013|x64
		{3EC55ACC-F50E-49EF-A4D3-5917AE09AA5C}.Release_VS2013|x86.ActiveCfg = Release_VS2013|x86
		{3EC55ACC-F50E-49EF-A4D3-5917AE09AA5C}.Release_VS2013|x86.Build.0 = Release_VS2013|x86
		{3EC55ACC-F50E-49EF-A4D3-5917AE09AA5C}.Release_VS2015|x64.ActiveCfg = Release_VS2015|x64
		{3EC55ACC-F50E-49EF-A4D3-5917AE09AA5C}.Release_VS2015|x64.Build.0 = Release_VS2015|x64
		{3EC55ACC-F50E-49EF-A4D3-5917AE09AA5C}.Release_VS2015|x86.ActiveCfg = Release_VS2015|x86
		{3EC55ACC-F50E-49EF-A4D3-5917AE09AA5C}.Release_VS2015|x86.Build.0 = Release_VS2015|x86
		{FA3E5528-ABC0-49A8-B41A-378C32CF746B}.Debug_VS2013|x64.ActiveCfg = Debug_VS2013|x64
		{FA3E5528-ABC0-49A8-B41A-378C32CF746B}.Debug_VS2013|x64.Build.0 = Debug_VS2013|x64
		{FA3E5528-ABC0-49A8-B41A-378C32CF746B}.Debug_VS2013|x86.ActiveCfg = Debug_VS2013|x86
		{FA3E5528-ABC0-49A8-B41A-378C32CF746B}.Debug_VS2013|x86.Build.0 = Debug_VS2013|x86
		{FA3E5528-ABC0-49A8-B41A-378C32CF746B}.Debug_VS2015|x64.ActiveCfg = Debug_VS2015|x64
		{FA3E5528-ABC0-49A8-B41A-378C32CF746B}.Debug_VS2015|x64.Build.0 = Debug_VS2015|x64
		{FA3E5528-ABC0-49A8-B41A-378C32CF746B}.Debug_VS2015|x86.ActiveCfg = Debug_VS2015|x86
		{FA3E5528-ABC0-49A8-B41A-378C32CF746B}.Debug_VS2015|x86.Build.0 = Debug_VS2015|x86
		{FA3E5528-ABC0-49A8-B41A-378C32CF746B}.Release_VS2013|x64.ActiveCfg = Release_VS2013|x64
		{FA3E5528-ABC0-49A8-B41A-378C32CF746B}.Release_VS2013|x64.Build.0 = Release_VS2013|x64
		{FA3E5528-ABC0-49A8-B41A-378C32CF746B}.Release_VS2013|x86.ActiveCfg = Release_VS2013|x86
		{FA3E5528-ABC0-49A8-B41A-378C32CF746B}.Release_VS2013|x86.Build.0 = Release_VS2013|x86
		{FA3E5528-ABC0-49A8-B41A-378C32CF746B}.Release_VS2015|x64.ActiveCfg = Release_VS2015|x64
		{FA3E5528-ABC0-49A8-B41A-378C32CF746B}.Release_VS2015|x64.Build.0 = Release_VS2015|x64
		{FA3E5528-ABC0-49A8-B41A-378C32CF746B}.Release_VS2015|x86.ActiveCfg = Release_VS2015|x86
		{FA3E5528-ABC0-49A8-B41A-378C32CF746B}.Release_VS2015|x86.Build.0 = Release_VS2015|x86
	EndGlobalSection
	GlobalSection(SolutionProperties) = preSolution
		HideSolutionNode = FALSE
	EndGlobalSection
EndGlobal
